// !$*UTF8*$!
{
	archiveVersion = 1;
	classes = {
	};
	objectVersion = 56;
	objects = {

/* Begin PBXBuildFile section */
		290522DE29F9B03F00DBEA39 /* UIViewController+Extensions.swift in Sources */ = {isa = PBXBuildFile; fileRef = 290522DD29F9B03F00DBEA39 /* UIViewController+Extensions.swift */; };
		290522E029F9B13B00DBEA39 /* UserMessage.swift in Sources */ = {isa = PBXBuildFile; fileRef = 290522DF29F9B13B00DBEA39 /* UserMessage.swift */; };
		290522E429F9B3FB00DBEA39 /* Localizable.strings in Resources */ = {isa = PBXBuildFile; fileRef = 290522E629F9B3FB00DBEA39 /* Localizable.strings */; };
		29124B362A01C35800E7F6E1 /* AppError.swift in Sources */ = {isa = PBXBuildFile; fileRef = 29124B352A01C35800E7F6E1 /* AppError.swift */; };
		29124B3C2A01C49B00E7F6E1 /* NetworkError.swift in Sources */ = {isa = PBXBuildFile; fileRef = 29124B3B2A01C49B00E7F6E1 /* NetworkError.swift */; };
		29124B432A0237F500E7F6E1 /* EmptyView.swift in Sources */ = {isa = PBXBuildFile; fileRef = 29124B422A0237F500E7F6E1 /* EmptyView.swift */; };
		29124B462A023D1600E7F6E1 /* NSLayoutConstraint+Extensions.swift in Sources */ = {isa = PBXBuildFile; fileRef = 29124B452A023D1600E7F6E1 /* NSLayoutConstraint+Extensions.swift */; };
		2925174229F763D0005FFCEC /* AppDelegate.swift in Sources */ = {isa = PBXBuildFile; fileRef = 2925174129F763D0005FFCEC /* AppDelegate.swift */; };
		2925174429F763D0005FFCEC /* SceneDelegate.swift in Sources */ = {isa = PBXBuildFile; fileRef = 2925174329F763D0005FFCEC /* SceneDelegate.swift */; };
		2925174629F763D0005FFCEC /* CharacterListViewController.swift in Sources */ = {isa = PBXBuildFile; fileRef = 2925174529F763D0005FFCEC /* CharacterListViewController.swift */; };
		2925174B29F763D2005FFCEC /* Assets.xcassets in Resources */ = {isa = PBXBuildFile; fileRef = 2925174A29F763D2005FFCEC /* Assets.xcassets */; };
		2925174E29F763D2005FFCEC /* LaunchScreen.storyboard in Resources */ = {isa = PBXBuildFile; fileRef = 2925174C29F763D2005FFCEC /* LaunchScreen.storyboard */; };
		2925175629F76434005FFCEC /* CharacterDetailViewController.swift in Sources */ = {isa = PBXBuildFile; fileRef = 2925175529F76434005FFCEC /* CharacterDetailViewController.swift */; };
		2925175C29F768C0005FFCEC /* CharacterListInteractor.swift in Sources */ = {isa = PBXBuildFile; fileRef = 2925175B29F768C0005FFCEC /* CharacterListInteractor.swift */; };
		2925175E29F76918005FFCEC /* HTTPClient.swift in Sources */ = {isa = PBXBuildFile; fileRef = 2925175D29F76918005FFCEC /* HTTPClient.swift */; };
		2925176029F769D7005FFCEC /* Character.swift in Sources */ = {isa = PBXBuildFile; fileRef = 2925175F29F769D7005FFCEC /* Character.swift */; };
		2925176329F77EE4005FFCEC /* DuckDuckGoResponseObjects.swift in Sources */ = {isa = PBXBuildFile; fileRef = 2925176229F77EE4005FFCEC /* DuckDuckGoResponseObjects.swift */; };
		2925176529F78074005FFCEC /* URLRouter.swift in Sources */ = {isa = PBXBuildFile; fileRef = 2925176429F78074005FFCEC /* URLRouter.swift */; };
		2925176A29F78DE7005FFCEC /* CharacterListPresenter.swift in Sources */ = {isa = PBXBuildFile; fileRef = 2925176929F78DE7005FFCEC /* CharacterListPresenter.swift */; };
		2925176C29F79DF1005FFCEC /* SearchResultsTableViewController.swift in Sources */ = {isa = PBXBuildFile; fileRef = 2925176B29F79DF1005FFCEC /* SearchResultsTableViewController.swift */; };
		2925177029F82AF8005FFCEC /* ApplicationRouter.swift in Sources */ = {isa = PBXBuildFile; fileRef = 2925176F29F82AF8005FFCEC /* ApplicationRouter.swift */; };
		2925177329F83275005FFCEC /* DependencyContainer.swift in Sources */ = {isa = PBXBuildFile; fileRef = 2925177229F83275005FFCEC /* DependencyContainer.swift */; };
		29851B4E29F8AE06003E93ED /* AppEnvironment.swift in Sources */ = {isa = PBXBuildFile; fileRef = 29851B4D29F8AE06003E93ED /* AppEnvironment.swift */; };
		29851B5329F8CA1D003E93ED /* UIImage+Extensions.swift in Sources */ = {isa = PBXBuildFile; fileRef = 29851B5229F8CA1D003E93ED /* UIImage+Extensions.swift */; };
		29851B5529F8CA62003E93ED /* ImageName.swift in Sources */ = {isa = PBXBuildFile; fileRef = 29851B5429F8CA62003E93ED /* ImageName.swift */; };
		29851B5A29F8D6DF003E93ED /* RootSplitViewController.swift in Sources */ = {isa = PBXBuildFile; fileRef = 29851B5929F8D6DF003E93ED /* RootSplitViewController.swift */; };
		29851B5C29F8E37A003E93ED /* CharacterDetailPresenter.swift in Sources */ = {isa = PBXBuildFile; fileRef = 29851B5B29F8E37A003E93ED /* CharacterDetailPresenter.swift */; };
		29C16B8029F89C2C00B5B705 /* UIImageView+Extensions.swift in Sources */ = {isa = PBXBuildFile; fileRef = 29C16B7F29F89C2C00B5B705 /* UIImageView+Extensions.swift */; };
/* End PBXBuildFile section */

/* Begin PBXFileReference section */
		290522DD29F9B03F00DBEA39 /* UIViewController+Extensions.swift */ = {isa = PBXFileReference; lastKnownFileType = sourcecode.swift; path = "UIViewController+Extensions.swift"; sourceTree = "<group>"; };
		290522DF29F9B13B00DBEA39 /* UserMessage.swift */ = {isa = PBXFileReference; lastKnownFileType = sourcecode.swift; path = UserMessage.swift; sourceTree = "<group>"; };
		290522E129F9B38200DBEA39 /* es */ = {isa = PBXFileReference; lastKnownFileType = text.plist.strings; name = es; path = es.lproj/LaunchScreen.strings; sourceTree = "<group>"; };
		290522E529F9B3FB00DBEA39 /* es */ = {isa = PBXFileReference; lastKnownFileType = text.plist.strings; name = es; path = es.lproj/Localizable.strings; sourceTree = "<group>"; };
		290522E729F9B40000DBEA39 /* en */ = {isa = PBXFileReference; lastKnownFileType = text.plist.strings; name = en; path = en.lproj/Localizable.strings; sourceTree = "<group>"; };
		29124B352A01C35800E7F6E1 /* AppError.swift */ = {isa = PBXFileReference; lastKnownFileType = sourcecode.swift; path = AppError.swift; sourceTree = "<group>"; };
		29124B3B2A01C49B00E7F6E1 /* NetworkError.swift */ = {isa = PBXFileReference; lastKnownFileType = sourcecode.swift; path = NetworkError.swift; sourceTree = "<group>"; };
		29124B422A0237F500E7F6E1 /* EmptyView.swift */ = {isa = PBXFileReference; lastKnownFileType = sourcecode.swift; path = EmptyView.swift; sourceTree = "<group>"; };
		29124B452A023D1600E7F6E1 /* NSLayoutConstraint+Extensions.swift */ = {isa = PBXFileReference; lastKnownFileType = sourcecode.swift; path = "NSLayoutConstraint+Extensions.swift"; sourceTree = "<group>"; };
		2925173E29F763D0005FFCEC /* SimpsonsCharacterViewer.app */ = {isa = PBXFileReference; explicitFileType = wrapper.application; includeInIndex = 0; path = SimpsonsCharacterViewer.app; sourceTree = BUILT_PRODUCTS_DIR; };
		2925174129F763D0005FFCEC /* AppDelegate.swift */ = {isa = PBXFileReference; lastKnownFileType = sourcecode.swift; path = AppDelegate.swift; sourceTree = "<group>"; };
		2925174329F763D0005FFCEC /* SceneDelegate.swift */ = {isa = PBXFileReference; lastKnownFileType = sourcecode.swift; path = SceneDelegate.swift; sourceTree = "<group>"; };
		2925174529F763D0005FFCEC /* CharacterListViewController.swift */ = {isa = PBXFileReference; lastKnownFileType = sourcecode.swift; path = CharacterListViewController.swift; sourceTree = "<group>"; };
		2925174A29F763D2005FFCEC /* Assets.xcassets */ = {isa = PBXFileReference; lastKnownFileType = folder.assetcatalog; path = Assets.xcassets; sourceTree = "<group>"; };
		2925174D29F763D2005FFCEC /* Base */ = {isa = PBXFileReference; lastKnownFileType = file.storyboard; name = Base; path = Base.lproj/LaunchScreen.storyboard; sourceTree = "<group>"; };
		2925174F29F763D2005FFCEC /* Info.plist */ = {isa = PBXFileReference; lastKnownFileType = text.plist.xml; path = Info.plist; sourceTree = "<group>"; };
		2925175529F76434005FFCEC /* CharacterDetailViewController.swift */ = {isa = PBXFileReference; lastKnownFileType = sourcecode.swift; path = CharacterDetailViewController.swift; sourceTree = "<group>"; };
		2925175B29F768C0005FFCEC /* CharacterListInteractor.swift */ = {isa = PBXFileReference; lastKnownFileType = sourcecode.swift; path = CharacterListInteractor.swift; sourceTree = "<group>"; };
		2925175D29F76918005FFCEC /* HTTPClient.swift */ = {isa = PBXFileReference; lastKnownFileType = sourcecode.swift; path = HTTPClient.swift; sourceTree = "<group>"; };
		2925175F29F769D7005FFCEC /* Character.swift */ = {isa = PBXFileReference; lastKnownFileType = sourcecode.swift; path = Character.swift; sourceTree = "<group>"; };
		2925176229F77EE4005FFCEC /* DuckDuckGoResponseObjects.swift */ = {isa = PBXFileReference; lastKnownFileType = sourcecode.swift; path = DuckDuckGoResponseObjects.swift; sourceTree = "<group>"; };
		2925176429F78074005FFCEC /* URLRouter.swift */ = {isa = PBXFileReference; lastKnownFileType = sourcecode.swift; path = URLRouter.swift; sourceTree = "<group>"; };
		2925176929F78DE7005FFCEC /* CharacterListPresenter.swift */ = {isa = PBXFileReference; lastKnownFileType = sourcecode.swift; path = CharacterListPresenter.swift; sourceTree = "<group>"; };
		2925176B29F79DF1005FFCEC /* SearchResultsTableViewController.swift */ = {isa = PBXFileReference; lastKnownFileType = sourcecode.swift; path = SearchResultsTableViewController.swift; sourceTree = "<group>"; };
		2925176F29F82AF8005FFCEC /* ApplicationRouter.swift */ = {isa = PBXFileReference; lastKnownFileType = sourcecode.swift; path = ApplicationRouter.swift; sourceTree = "<group>"; };
		2925177229F83275005FFCEC /* DependencyContainer.swift */ = {isa = PBXFileReference; lastKnownFileType = sourcecode.swift; path = DependencyContainer.swift; sourceTree = "<group>"; };
		29851B4D29F8AE06003E93ED /* AppEnvironment.swift */ = {isa = PBXFileReference; lastKnownFileType = sourcecode.swift; path = AppEnvironment.swift; sourceTree = "<group>"; };
		29851B5229F8CA1D003E93ED /* UIImage+Extensions.swift */ = {isa = PBXFileReference; lastKnownFileType = sourcecode.swift; path = "UIImage+Extensions.swift"; sourceTree = "<group>"; };
		29851B5429F8CA62003E93ED /* ImageName.swift */ = {isa = PBXFileReference; lastKnownFileType = sourcecode.swift; path = ImageName.swift; sourceTree = "<group>"; };
		29851B5929F8D6DF003E93ED /* RootSplitViewController.swift */ = {isa = PBXFileReference; lastKnownFileType = sourcecode.swift; path = RootSplitViewController.swift; sourceTree = "<group>"; };
		29851B5B29F8E37A003E93ED /* CharacterDetailPresenter.swift */ = {isa = PBXFileReference; lastKnownFileType = sourcecode.swift; path = CharacterDetailPresenter.swift; sourceTree = "<group>"; };
		29C16B7F29F89C2C00B5B705 /* UIImageView+Extensions.swift */ = {isa = PBXFileReference; lastKnownFileType = sourcecode.swift; path = "UIImageView+Extensions.swift"; sourceTree = "<group>"; };
/* End PBXFileReference section */

/* Begin PBXFrameworksBuildPhase section */
		2925173B29F763D0005FFCEC /* Frameworks */ = {
			isa = PBXFrameworksBuildPhase;
			buildActionMask = 2147483647;
			files = (
			);
			runOnlyForDeploymentPostprocessing = 0;
		};
/* End PBXFrameworksBuildPhase section */

/* Begin PBXGroup section */
		290522E829F9B42700DBEA39 /* Resources */ = {
			isa = PBXGroup;
			children = (
				290522E629F9B3FB00DBEA39 /* Localizable.strings */,
				2925174A29F763D2005FFCEC /* Assets.xcassets */,
				29124B3A2A01C47F00E7F6E1 /* Errors */,
			);
			path = Resources;
			sourceTree = "<group>";
		};
		29124B3A2A01C47F00E7F6E1 /* Errors */ = {
			isa = PBXGroup;
			children = (
				29124B352A01C35800E7F6E1 /* AppError.swift */,
				29124B3B2A01C49B00E7F6E1 /* NetworkError.swift */,
			);
			path = Errors;
			sourceTree = "<group>";
		};
		29124B442A0237FF00E7F6E1 /* Utilities */ = {
			isa = PBXGroup;
			children = (
				29124B422A0237F500E7F6E1 /* EmptyView.swift */,
			);
			path = Utilities;
			sourceTree = "<group>";
		};
		2925173529F763D0005FFCEC = {
			isa = PBXGroup;
			children = (
				2925174029F763D0005FFCEC /* SimpsonsCharacterViewer */,
				2925173F29F763D0005FFCEC /* Products */,
			);
			sourceTree = "<group>";
		};
		2925173F29F763D0005FFCEC /* Products */ = {
			isa = PBXGroup;
			children = (
				2925173E29F763D0005FFCEC /* SimpsonsCharacterViewer.app */,
			);
			name = Products;
			sourceTree = "<group>";
		};
		2925174029F763D0005FFCEC /* SimpsonsCharacterViewer */ = {
			isa = PBXGroup;
			children = (
				290522E829F9B42700DBEA39 /* Resources */,
				29851B5629F8CA67003E93ED /* Constants */,
				2925175A29F765A7005FFCEC /* Application */,
				2925177729F83CF4005FFCEC /* DependencyInjection */,
				2925176629F7816C005FFCEC /* Networking */,
				2925176129F769DF005FFCEC /* Models */,
				29C16B8129F89C3700B5B705 /* Extensions */,
				2925175929F76595005FFCEC /* Modules */,
				29124B442A0237FF00E7F6E1 /* Utilities */,
				2925174C29F763D2005FFCEC /* LaunchScreen.storyboard */,
				2925174F29F763D2005FFCEC /* Info.plist */,
			);
			path = SimpsonsCharacterViewer;
			sourceTree = "<group>";
		};
		2925175929F76595005FFCEC /* Modules */ = {
			isa = PBXGroup;
			children = (
				2925176D29F79DF5005FFCEC /* Search */,
				2925176E29F79E1F005FFCEC /* CharacterList */,
				2925177129F82ED2005FFCEC /* CharacterDetail */,
			);
			path = Modules;
			sourceTree = "<group>";
		};
		2925175A29F765A7005FFCEC /* Application */ = {
			isa = PBXGroup;
			children = (
				2925174129F763D0005FFCEC /* AppDelegate.swift */,
				29851B4D29F8AE06003E93ED /* AppEnvironment.swift */,
				2925174329F763D0005FFCEC /* SceneDelegate.swift */,
				2925176F29F82AF8005FFCEC /* ApplicationRouter.swift */,
				29851B5929F8D6DF003E93ED /* RootSplitViewController.swift */,
			);
			path = Application;
			sourceTree = "<group>";
		};
		2925176129F769DF005FFCEC /* Models */ = {
			isa = PBXGroup;
			children = (
				2925175F29F769D7005FFCEC /* Character.swift */,
				2925176229F77EE4005FFCEC /* DuckDuckGoResponseObjects.swift */,
			);
			path = Models;
			sourceTree = "<group>";
		};
		2925176629F7816C005FFCEC /* Networking */ = {
			isa = PBXGroup;
			children = (
				2925175D29F76918005FFCEC /* HTTPClient.swift */,
				2925176429F78074005FFCEC /* URLRouter.swift */,
			);
			path = Networking;
			sourceTree = "<group>";
		};
		2925176D29F79DF5005FFCEC /* Search */ = {
			isa = PBXGroup;
			children = (
				2925176B29F79DF1005FFCEC /* SearchResultsTableViewController.swift */,
			);
			path = Search;
			sourceTree = "<group>";
		};
		2925176E29F79E1F005FFCEC /* CharacterList */ = {
			isa = PBXGroup;
			children = (
				2925174529F763D0005FFCEC /* CharacterListViewController.swift */,
				2925175B29F768C0005FFCEC /* CharacterListInteractor.swift */,
				2925176929F78DE7005FFCEC /* CharacterListPresenter.swift */,
			);
			path = CharacterList;
			sourceTree = "<group>";
		};
		2925177129F82ED2005FFCEC /* CharacterDetail */ = {
			isa = PBXGroup;
			children = (
				2925175529F76434005FFCEC /* CharacterDetailViewController.swift */,
				29851B5B29F8E37A003E93ED /* CharacterDetailPresenter.swift */,
			);
			path = CharacterDetail;
			sourceTree = "<group>";
		};
		2925177729F83CF4005FFCEC /* DependencyInjection */ = {
			isa = PBXGroup;
			children = (
				2925177229F83275005FFCEC /* DependencyContainer.swift */,
			);
			path = DependencyInjection;
			sourceTree = "<group>";
		};
		29851B5629F8CA67003E93ED /* Constants */ = {
			isa = PBXGroup;
			children = (
				29851B5429F8CA62003E93ED /* ImageName.swift */,
				290522DF29F9B13B00DBEA39 /* UserMessage.swift */,
			);
			path = Constants;
			sourceTree = "<group>";
		};
		29C16B8129F89C3700B5B705 /* Extensions */ = {
			isa = PBXGroup;
			children = (
				29C16B7F29F89C2C00B5B705 /* UIImageView+Extensions.swift */,
				29124B452A023D1600E7F6E1 /* NSLayoutConstraint+Extensions.swift */,
				29851B5229F8CA1D003E93ED /* UIImage+Extensions.swift */,
				290522DD29F9B03F00DBEA39 /* UIViewController+Extensions.swift */,
			);
			path = Extensions;
			sourceTree = "<group>";
		};
/* End PBXGroup section */

/* Begin PBXNativeTarget section */
		2925173D29F763D0005FFCEC /* SimpsonsCharacterViewer */ = {
			isa = PBXNativeTarget;
			buildConfigurationList = 2925175229F763D2005FFCEC /* Build configuration list for PBXNativeTarget "SimpsonsCharacterViewer" */;
			buildPhases = (
				2925173A29F763D0005FFCEC /* Sources */,
				2925173B29F763D0005FFCEC /* Frameworks */,
				2925173C29F763D0005FFCEC /* Resources */,
			);
			buildRules = (
			);
			dependencies = (
			);
			name = SimpsonsCharacterViewer;
			productName = SimpsonsCharacterViewer;
			productReference = 2925173E29F763D0005FFCEC /* SimpsonsCharacterViewer.app */;
			productType = "com.apple.product-type.application";
		};
/* End PBXNativeTarget section */

/* Begin PBXProject section */
		2925173629F763D0005FFCEC /* Project object */ = {
			isa = PBXProject;
			attributes = {
				BuildIndependentTargetsInParallel = 1;
				LastSwiftUpdateCheck = 1410;
				LastUpgradeCheck = 1410;
				TargetAttributes = {
					2925173D29F763D0005FFCEC = {
						CreatedOnToolsVersion = 14.1;
					};
				};
			};
			buildConfigurationList = 2925173929F763D0005FFCEC /* Build configuration list for PBXProject "SimpsonsCharacterViewer" */;
			compatibilityVersion = "Xcode 14.0";
			developmentRegion = en;
			hasScannedForEncodings = 0;
			knownRegions = (
				en,
				Base,
				es,
			);
			mainGroup = 2925173529F763D0005FFCEC;
			productRefGroup = 2925173F29F763D0005FFCEC /* Products */;
			projectDirPath = "";
			projectRoot = "";
			targets = (
				2925173D29F763D0005FFCEC /* SimpsonsCharacterViewer */,
			);
		};
/* End PBXProject section */

/* Begin PBXResourcesBuildPhase section */
		2925173C29F763D0005FFCEC /* Resources */ = {
			isa = PBXResourcesBuildPhase;
			buildActionMask = 2147483647;
			files = (
				2925174E29F763D2005FFCEC /* LaunchScreen.storyboard in Resources */,
				290522E429F9B3FB00DBEA39 /* Localizable.strings in Resources */,
				2925174B29F763D2005FFCEC /* Assets.xcassets in Resources */,
			);
			runOnlyForDeploymentPostprocessing = 0;
		};
/* End PBXResourcesBuildPhase section */

/* Begin PBXSourcesBuildPhase section */
		2925173A29F763D0005FFCEC /* Sources */ = {
			isa = PBXSourcesBuildPhase;
			buildActionMask = 2147483647;
			files = (
				2925177329F83275005FFCEC /* DependencyContainer.swift in Sources */,
				29851B5C29F8E37A003E93ED /* CharacterDetailPresenter.swift in Sources */,
				2925174629F763D0005FFCEC /* CharacterListViewController.swift in Sources */,
				2925175629F76434005FFCEC /* CharacterDetailViewController.swift in Sources */,
				29124B432A0237F500E7F6E1 /* EmptyView.swift in Sources */,
				2925174229F763D0005FFCEC /* AppDelegate.swift in Sources */,
				29851B4E29F8AE06003E93ED /* AppEnvironment.swift in Sources */,
				29851B5529F8CA62003E93ED /* ImageName.swift in Sources */,
				2925175E29F76918005FFCEC /* HTTPClient.swift in Sources */,
				29124B362A01C35800E7F6E1 /* AppError.swift in Sources */,
				2925174429F763D0005FFCEC /* SceneDelegate.swift in Sources */,
				2925175C29F768C0005FFCEC /* CharacterListInteractor.swift in Sources */,
				29851B5A29F8D6DF003E93ED /* RootSplitViewController.swift in Sources */,
				2925176329F77EE4005FFCEC /* DuckDuckGoResponseObjects.swift in Sources */,
				290522E029F9B13B00DBEA39 /* UserMessage.swift in Sources */,
				29124B3C2A01C49B00E7F6E1 /* NetworkError.swift in Sources */,
				290522DE29F9B03F00DBEA39 /* UIViewController+Extensions.swift in Sources */,
				29C16B8029F89C2C00B5B705 /* UIImageView+Extensions.swift in Sources */,
				2925176C29F79DF1005FFCEC /* SearchResultsTableViewController.swift in Sources */,
				2925176A29F78DE7005FFCEC /* CharacterListPresenter.swift in Sources */,
				2925176529F78074005FFCEC /* URLRouter.swift in Sources */,
				2925176029F769D7005FFCEC /* Character.swift in Sources */,
				2925177029F82AF8005FFCEC /* ApplicationRouter.swift in Sources */,
				29124B462A023D1600E7F6E1 /* NSLayoutConstraint+Extensions.swift in Sources */,
				29851B5329F8CA1D003E93ED /* UIImage+Extensions.swift in Sources */,
			);
			runOnlyForDeploymentPostprocessing = 0;
		};
/* End PBXSourcesBuildPhase section */

/* Begin PBXVariantGroup section */
		290522E629F9B3FB00DBEA39 /* Localizable.strings */ = {
			isa = PBXVariantGroup;
			children = (
				290522E529F9B3FB00DBEA39 /* es */,
				290522E729F9B40000DBEA39 /* en */,
			);
			name = Localizable.strings;
			sourceTree = "<group>";
		};
		2925174C29F763D2005FFCEC /* LaunchScreen.storyboard */ = {
			isa = PBXVariantGroup;
			children = (
				2925174D29F763D2005FFCEC /* Base */,
				290522E129F9B38200DBEA39 /* es */,
			);
			name = LaunchScreen.storyboard;
			sourceTree = "<group>";
		};
/* End PBXVariantGroup section */

/* Begin XCBuildConfiguration section */
		2925175029F763D2005FFCEC /* TheWire */ = {
			isa = XCBuildConfiguration;
			buildSettings = {
				ALWAYS_SEARCH_USER_PATHS = NO;
				CLANG_ANALYZER_LOCALIZABILITY_NONLOCALIZED = YES;
				CLANG_ANALYZER_NONNULL = YES;
				CLANG_ANALYZER_NUMBER_OBJECT_CONVERSION = YES_AGGRESSIVE;
				CLANG_CXX_LANGUAGE_STANDARD = "gnu++20";
				CLANG_ENABLE_MODULES = YES;
				CLANG_ENABLE_OBJC_ARC = YES;
				CLANG_ENABLE_OBJC_WEAK = YES;
				CLANG_WARN_BLOCK_CAPTURE_AUTORELEASING = YES;
				CLANG_WARN_BOOL_CONVERSION = YES;
				CLANG_WARN_COMMA = YES;
				CLANG_WARN_CONSTANT_CONVERSION = YES;
				CLANG_WARN_DEPRECATED_OBJC_IMPLEMENTATIONS = YES;
				CLANG_WARN_DIRECT_OBJC_ISA_USAGE = YES_ERROR;
				CLANG_WARN_DOCUMENTATION_COMMENTS = YES;
				CLANG_WARN_EMPTY_BODY = YES;
				CLANG_WARN_ENUM_CONVERSION = YES;
				CLANG_WARN_INFINITE_RECURSION = YES;
				CLANG_WARN_INT_CONVERSION = YES;
				CLANG_WARN_NON_LITERAL_NULL_CONVERSION = YES;
				CLANG_WARN_OBJC_IMPLICIT_RETAIN_SELF = YES;
				CLANG_WARN_OBJC_LITERAL_CONVERSION = YES;
				CLANG_WARN_OBJC_ROOT_CLASS = YES_ERROR;
				CLANG_WARN_QUOTED_INCLUDE_IN_FRAMEWORK_HEADER = YES;
				CLANG_WARN_RANGE_LOOP_ANALYSIS = YES;
				CLANG_WARN_STRICT_PROTOTYPES = YES;
				CLANG_WARN_SUSPICIOUS_MOVE = YES;
				CLANG_WARN_UNGUARDED_AVAILABILITY = YES_AGGRESSIVE;
				CLANG_WARN_UNREACHABLE_CODE = YES;
				CLANG_WARN__DUPLICATE_METHOD_MATCH = YES;
				COPY_PHASE_STRIP = NO;
				DEBUG_INFORMATION_FORMAT = dwarf;
				ENABLE_STRICT_OBJC_MSGSEND = YES;
				ENABLE_TESTABILITY = YES;
				GCC_C_LANGUAGE_STANDARD = gnu11;
				GCC_DYNAMIC_NO_PIC = NO;
				GCC_NO_COMMON_BLOCKS = YES;
				GCC_OPTIMIZATION_LEVEL = 0;
				GCC_PREPROCESSOR_DEFINITIONS = (
					"DEBUG=1",
					"$(inherited)",
				);
				GCC_WARN_64_TO_32_BIT_CONVERSION = YES;
				GCC_WARN_ABOUT_RETURN_TYPE = YES_ERROR;
				GCC_WARN_UNDECLARED_SELECTOR = YES;
				GCC_WARN_UNINITIALIZED_AUTOS = YES_AGGRESSIVE;
				GCC_WARN_UNUSED_FUNCTION = YES;
				GCC_WARN_UNUSED_VARIABLE = YES;
				IPHONEOS_DEPLOYMENT_TARGET = 16.1;
				MTL_ENABLE_DEBUG_INFO = INCLUDE_SOURCE;
				MTL_FAST_MATH = YES;
				ONLY_ACTIVE_ARCH = YES;
				SDKROOT = iphoneos;
				SWIFT_ACTIVE_COMPILATION_CONDITIONS = WIRE;
				SWIFT_OPTIMIZATION_LEVEL = "-Onone";
			};
			name = TheWire;
		};
		2925175129F763D2005FFCEC /* Simpsons */ = {
			isa = XCBuildConfiguration;
			buildSettings = {
				ALWAYS_SEARCH_USER_PATHS = NO;
				CLANG_ANALYZER_LOCALIZABILITY_NONLOCALIZED = YES;
				CLANG_ANALYZER_NONNULL = YES;
				CLANG_ANALYZER_NUMBER_OBJECT_CONVERSION = YES_AGGRESSIVE;
				CLANG_CXX_LANGUAGE_STANDARD = "gnu++20";
				CLANG_ENABLE_MODULES = YES;
				CLANG_ENABLE_OBJC_ARC = YES;
				CLANG_ENABLE_OBJC_WEAK = YES;
				CLANG_WARN_BLOCK_CAPTURE_AUTORELEASING = YES;
				CLANG_WARN_BOOL_CONVERSION = YES;
				CLANG_WARN_COMMA = YES;
				CLANG_WARN_CONSTANT_CONVERSION = YES;
				CLANG_WARN_DEPRECATED_OBJC_IMPLEMENTATIONS = YES;
				CLANG_WARN_DIRECT_OBJC_ISA_USAGE = YES_ERROR;
				CLANG_WARN_DOCUMENTATION_COMMENTS = YES;
				CLANG_WARN_EMPTY_BODY = YES;
				CLANG_WARN_ENUM_CONVERSION = YES;
				CLANG_WARN_INFINITE_RECURSION = YES;
				CLANG_WARN_INT_CONVERSION = YES;
				CLANG_WARN_NON_LITERAL_NULL_CONVERSION = YES;
				CLANG_WARN_OBJC_IMPLICIT_RETAIN_SELF = YES;
				CLANG_WARN_OBJC_LITERAL_CONVERSION = YES;
				CLANG_WARN_OBJC_ROOT_CLASS = YES_ERROR;
				CLANG_WARN_QUOTED_INCLUDE_IN_FRAMEWORK_HEADER = YES;
				CLANG_WARN_RANGE_LOOP_ANALYSIS = YES;
				CLANG_WARN_STRICT_PROTOTYPES = YES;
				CLANG_WARN_SUSPICIOUS_MOVE = YES;
				CLANG_WARN_UNGUARDED_AVAILABILITY = YES_AGGRESSIVE;
				CLANG_WARN_UNREACHABLE_CODE = YES;
				CLANG_WARN__DUPLICATE_METHOD_MATCH = YES;
				COPY_PHASE_STRIP = NO;
				DEBUG_INFORMATION_FORMAT = "dwarf-with-dsym";
				ENABLE_NS_ASSERTIONS = NO;
				ENABLE_STRICT_OBJC_MSGSEND = YES;
				GCC_C_LANGUAGE_STANDARD = gnu11;
				GCC_NO_COMMON_BLOCKS = YES;
				GCC_WARN_64_TO_32_BIT_CONVERSION = YES;
				GCC_WARN_ABOUT_RETURN_TYPE = YES_ERROR;
				GCC_WARN_UNDECLARED_SELECTOR = YES;
				GCC_WARN_UNINITIALIZED_AUTOS = YES_AGGRESSIVE;
				GCC_WARN_UNUSED_FUNCTION = YES;
				GCC_WARN_UNUSED_VARIABLE = YES;
				IPHONEOS_DEPLOYMENT_TARGET = 16.1;
				MTL_ENABLE_DEBUG_INFO = NO;
				MTL_FAST_MATH = YES;
				SDKROOT = iphoneos;
				SWIFT_ACTIVE_COMPILATION_CONDITIONS = SIMPSONS;
				SWIFT_COMPILATION_MODE = wholemodule;
				SWIFT_OPTIMIZATION_LEVEL = "-O";
				VALIDATE_PRODUCT = YES;
			};
			name = Simpsons;
		};
		2925175329F763D2005FFCEC /* TheWire */ = {
			isa = XCBuildConfiguration;
			buildSettings = {
				ASSETCATALOG_COMPILER_APPICON_NAME = AppIcon;
				ASSETCATALOG_COMPILER_GLOBAL_ACCENT_COLOR_NAME = AccentColor;
				CODE_SIGN_STYLE = Automatic;
				CURRENT_PROJECT_VERSION = 1;
				DEVELOPMENT_TEAM = 5T8F3HNMT6;
				GENERATE_INFOPLIST_FILE = YES;
				INFOPLIST_FILE = SimpsonsCharacterViewer/Info.plist;
				INFOPLIST_KEY_CFBundleDisplayName = "The Wire Character Viewer";
				INFOPLIST_KEY_UIApplicationSupportsIndirectInputEvents = YES;
				INFOPLIST_KEY_UILaunchStoryboardName = LaunchScreen;
				INFOPLIST_KEY_UISupportedInterfaceOrientations_iPad = "UIInterfaceOrientationPortrait UIInterfaceOrientationPortraitUpsideDown UIInterfaceOrientationLandscapeLeft UIInterfaceOrientationLandscapeRight";
				INFOPLIST_KEY_UISupportedInterfaceOrientations_iPhone = "UIInterfaceOrientationPortrait UIInterfaceOrientationLandscapeLeft UIInterfaceOrientationLandscapeRight";
				LD_RUNPATH_SEARCH_PATHS = (
					"$(inherited)",
					"@executable_path/Frameworks",
				);
				MARKETING_VERSION = 1.0;
				PRODUCT_BUNDLE_IDENTIFIER = com.sample.wireviewer;
				PRODUCT_NAME = "$(TARGET_NAME)";
				SUPPORTED_PLATFORMS = "iphoneos iphonesimulator";
				SUPPORTS_MACCATALYST = NO;
				SUPPORTS_MAC_DESIGNED_FOR_IPHONE_IPAD = NO;
				SWIFT_EMIT_LOC_STRINGS = YES;
				SWIFT_VERSION = 5.0;
				TARGETED_DEVICE_FAMILY = "1,2";
			};
			name = TheWire;
		};
		2925175429F763D2005FFCEC /* Simpsons */ = {
			isa = XCBuildConfiguration;
			buildSettings = {
				ASSETCATALOG_COMPILER_APPICON_NAME = AppIcon;
				ASSETCATALOG_COMPILER_GLOBAL_ACCENT_COLOR_NAME = AccentColor;
				CODE_SIGN_STYLE = Automatic;
				CURRENT_PROJECT_VERSION = 1;
				DEVELOPMENT_TEAM = 5T8F3HNMT6;
				GENERATE_INFOPLIST_FILE = YES;
				INFOPLIST_FILE = SimpsonsCharacterViewer/Info.plist;
				INFOPLIST_KEY_CFBundleDisplayName = "Simpsons Character Viewer";
				INFOPLIST_KEY_UIApplicationSupportsIndirectInputEvents = YES;
				INFOPLIST_KEY_UILaunchStoryboardName = LaunchScreen;
				INFOPLIST_KEY_UISupportedInterfaceOrientations_iPad = "UIInterfaceOrientationPortrait UIInterfaceOrientationPortraitUpsideDown UIInterfaceOrientationLandscapeLeft UIInterfaceOrientationLandscapeRight";
				INFOPLIST_KEY_UISupportedInterfaceOrientations_iPhone = "UIInterfaceOrientationPortrait UIInterfaceOrientationLandscapeLeft UIInterfaceOrientationLandscapeRight";
				LD_RUNPATH_SEARCH_PATHS = (
					"$(inherited)",
					"@executable_path/Frameworks",
				);
				MARKETING_VERSION = 1.0;
				PRODUCT_BUNDLE_IDENTIFIER = com.sample.simpsonsviewer;
				PRODUCT_NAME = "$(TARGET_NAME)";
				SUPPORTED_PLATFORMS = "iphoneos iphonesimulator";
				SUPPORTS_MACCATALYST = NO;
				SUPPORTS_MAC_DESIGNED_FOR_IPHONE_IPAD = NO;
				SWIFT_EMIT_LOC_STRINGS = YES;
				SWIFT_VERSION = 5.0;
				TARGETED_DEVICE_FAMILY = "1,2";
			};
			name = Simpsons;
		};
/* End XCBuildConfiguration section */

/* Begin XCConfigurationList section */
		2925173929F763D0005FFCEC /* Build configuration list for PBXProject "SimpsonsCharacterViewer" */ = {
			isa = XCConfigurationList;
			buildConfigurations = (
				2925175029F763D2005FFCEC /* TheWire */,
				2925175129F763D2005FFCEC /* Simpsons */,
			);
			defaultConfigurationIsVisible = 0;
			defaultConfigurationName = Simpsons;
		};
		2925175229F763D2005FFCEC /* Build configuration list for PBXNativeTarget "SimpsonsCharacterViewer" */ = {
			isa = XCConfigurationList;
			buildConfigurations = (
				2925175329F763D2005FFCEC /* TheWire */,
				2925175429F763D2005FFCEC /* Simpsons */,
			);
			defaultConfigurationIsVisible = 0;
			defaultConfigurationName = Simpsons;
		};
/* End XCConfigurationList section */
	};
	rootObject = 2925173629F763D0005FFCEC /* Project object */;
}
